
Microsoft Visual Studio Solution File, Format Version 12.00
# Visual Studio Version 17
VisualStudioVersion = 17.2.32602.215
MinimumVisualStudioVersion = 10.0.40219.1
Project("{9A19103F-16F7-4668-BE54-9A1E7A4F7556}") = "PlatformService", "PlatformService.csproj", "{A0771B95-B571-4253-B381-C5646876230A}"
EndProject
Global
	GlobalSection(SolutionConfigurationPlatforms) = preSolution
		Debug|Any CPU = Debug|Any CPU
		Release|Any CPU = Release|Any CPU
	EndGlobalSection
	GlobalSection(ProjectConfigurationPlatforms) = postSolution
		{A0771B95-B571-4253-B381-C5646876230A}.Debug|Any CPU.ActiveCfg = Debug|Any CPU
		{A0771B95-B571-4253-B381-C5646876230A}.Debug|Any CPU.Build.0 = Debug|Any CPU
		{A0771B95-B571-4253-B381-C5646876230A}.Release|Any CPU.ActiveCfg = Release|Any CPU
		{A0771B95-B571-4253-B381-C5646876230A}.Release|Any CPU.Build.0 = Release|Any CPU
	EndGlobalSection
	GlobalSection(SolutionProperties) = preSolution
		HideSolutionNode = FALSE
	EndGlobalSection
	GlobalSection(ExtensibilityGlobals) = postSolution
		SolutionGuid = {95113B42-3E1C-4CEA-9717-5364782039C6}
	EndGlobalSection
EndGlobal
